
Microsoft Visual Studio Solution File, Format Version 12.00
# Visual Studio Version 16
VisualStudioVersion = 16.0.31702.278
MinimumVisualStudioVersion = 10.0.40219.1
Project("{FAE04EC0-301F-11D3-BF4B-00C04F79EFBC}") = "Introduction", "Introduction\Introduction.csproj", "{E4F9847B-1C26-4131-A508-DADA1AF4298E}"
EndProject
Global
	GlobalSection(SolutionConfigurationPlatforms) = preSolution
		Debug|Any CPU = Debug|Any CPU
		Release|Any CPU = Release|Any CPU
	EndGlobalSection
	GlobalSection(ProjectConfigurationPlatforms) = postSolution
		{E4F9847B-1C26-4131-A508-DADA1AF4298E}.Debug|Any CPU.ActiveCfg = Debug|Any CPU
		{E4F9847B-1C26-4131-A508-DADA1AF4298E}.Debug|Any CPU.Build.0 = Debug|Any CPU
		{E4F9847B-1C26-4131-A508-DADA1AF4298E}.Release|Any CPU.ActiveCfg = Release|Any CPU
		{E4F9847B-1C26-4131-A508-DADA1AF4298E}.Release|Any CPU.Build.0 = Release|Any CPU
	EndGlobalSection
	GlobalSection(SolutionProperties) = preSolution
		HideSolutionNode = FALSE
	EndGlobalSection
	GlobalSection(ExtensibilityGlobals) = postSolution
		SolutionGuid = {B5A6D153-EC2F-4DA3-8E10-4026D964F66F}
	EndGlobalSection
EndGlobal
